{
  "name": "sqsapp2",
  "version": "1.0.0",
  "lockfileVersion": 2,
  "requires": true,
  "packages": {
    "": {
      "name": "sqsapp2",
      "version": "1.0.0",
      "license": "ISC",
      "dependencies": {
        "serverless-iam-roles-per-function": "^2.0.2"
      },
      "devDependencies": {}
    },
    "node_modules/lodash": {
      "version": "4.17.21",
      "resolved": "https://registry.npmjs.org/lodash/-/lodash-4.17.21.tgz",
      "integrity": "sha512-v2kDEe57lecTulaDIuNTPy3Ry4gLGJ6Z1O3vE1krgXZNrsQ+LFTGHVxVjcXPs17LhbZVGedAJv8XZ1tvj5FvSg=="
    },
    "node_modules/serverless-iam-roles-per-function": {
      "version": "2.0.2",
      "resolved": "https://registry.npmjs.org/serverless-iam-roles-per-function/-/serverless-iam-roles-per-function-2.0.2.tgz",
      "integrity": "sha512-3zv4Af3x7KJHC4fuJMHniEEstCljMghReaYIg94Spdsqkhiy8GJ3yfJ5Jy+wiG/DvyObK91JJNMjLhDnDc+vCQ==",
      "dependencies": {
        "lodash": "^4.17.15"
      },
      "engines": {
        "node": ">=6.10.0"
      }
    }
  },
  "dependencies": {
    "lodash": {
      "version": "4.17.21",
      "resolved": "https://registry.npmjs.org/lodash/-/lodash-4.17.21.tgz",
      "integrity": "sha512-v2kDEe57lecTulaDIuNTPy3Ry4gLGJ6Z1O3vE1krgXZNrsQ+LFTGHVxVjcXPs17LhbZVGedAJv8XZ1tvj5FvSg=="
    },
    "serverless-iam-roles-per-function": {
      "version": "2.0.2",
      "resolved": "https://registry.npmjs.org/serverless-iam-roles-per-function/-/serverless-iam-roles-per-function-2.0.2.tgz",
      "integrity": "sha512-3zv4Af3x7KJHC4fuJMHniEEstCljMghReaYIg94Spdsqkhiy8GJ3yfJ5Jy+wiG/DvyObK91JJNMjLhDnDc+vCQ==",
      "requires": {
        "lodash": "^4.17.15"
      }
    }
  }
}
